
Microsoft Visual Studio Solution File, Format Version 12.00
# Visual Studio Version 16
VisualStudioVersion = 16.0.31410.357
MinimumVisualStudioVersion = 10.0.40219.1
Project("{FAE04EC0-301F-11D3-BF4B-00C04F79EFBC}") = "SP-Lab1", "SP-Lab1\SP-Lab1.csproj", "{2ED0B0D0-5532-4695-9FD7-89C6FBD99D87}"
EndProject
Global
	GlobalSection(SolutionConfigurationPlatforms) = preSolution
		Debug|Any CPU = Debug|Any CPU
		Release|Any CPU = Release|Any CPU
	EndGlobalSection
	GlobalSection(ProjectConfigurationPlatforms) = postSolution
		{2ED0B0D0-5532-4695-9FD7-89C6FBD99D87}.Debug|Any CPU.ActiveCfg = Debug|Any CPU
		{2ED0B0D0-5532-4695-9FD7-89C6FBD99D87}.Debug|Any CPU.Build.0 = Debug|Any CPU
		{2ED0B0D0-5532-4695-9FD7-89C6FBD99D87}.Release|Any CPU.ActiveCfg = Release|Any CPU
		{2ED0B0D0-5532-4695-9FD7-89C6FBD99D87}.Release|Any CPU.Build.0 = Release|Any CPU
	EndGlobalSection
	GlobalSection(SolutionProperties) = preSolution
		HideSolutionNode = FALSE
	EndGlobalSection
	GlobalSection(ExtensibilityGlobals) = postSolution
		SolutionGuid = {B9EB50B1-304F-44F4-A85E-85629EE7194D}
	EndGlobalSection
EndGlobal
